
Microsoft Visual Studio Solution File, Format Version 12.00
# Visual Studio Version 16
VisualStudioVersion = 16.0.31624.102
MinimumVisualStudioVersion = 10.0.40219.1
Project("{2150E333-8FDC-42A3-9474-1A3956D46DE8}") = "Common", "Common", "{9B39331B-5086-46BC-ACCD-E2AE37C98D2C}"
EndProject
Project("{2150E333-8FDC-42A3-9474-1A3956D46DE8}") = "Services", "Services", "{63C47BAA-57D5-4D0A-8F24-7AEFE8EC3573}"
EndProject
Project("{2150E333-8FDC-42A3-9474-1A3956D46DE8}") = "UI", "UI", "{9F4BF12C-CC3E-41DD-BBCD-2DD8E1D85B67}"
EndProject
Project("{9A19103F-16F7-4668-BE54-9A1E7A4F7556}") = "WebStore.Domain", "Common\WebStore.Domain\WebStore.Domain.csproj", "{B67E9C2B-7661-4241-9085-121908B88DEF}"
EndProject
Project("{9A19103F-16F7-4668-BE54-9A1E7A4F7556}") = "WebStore", "UI\WebStore\WebStore.csproj", "{B07FE1F4-850E-49CC-ABF9-C23DF5353644}"
EndProject
Project("{2150E333-8FDC-42A3-9474-1A3956D46DE8}") = "Data", "Data", "{593C8A39-C4F0-4AAF-A22B-515E40FDB516}"
EndProject
Project("{9A19103F-16F7-4668-BE54-9A1E7A4F7556}") = "WebStore.DAL", "Data\WebStore.DAL\WebStore.DAL.csproj", "{C0A29340-49E1-46F4-A17F-5A2795A5A059}"
EndProject
Project("{9A19103F-16F7-4668-BE54-9A1E7A4F7556}") = "WebStore.DAL.Sqlite", "Data\WebStore.DAL.Sqlite\WebStore.DAL.Sqlite.csproj", "{777C4196-891B-4DC1-BD19-477CB577CAD0}"
EndProject
Project("{9A19103F-16F7-4668-BE54-9A1E7A4F7556}") = "WebStore.Interfaces", "Services\WebStore.Interfaces\WebStore.Interfaces.csproj", "{63ECE0FA-00F3-4AB8-A665-B0F109AD2DFA}"
EndProject
Project("{9A19103F-16F7-4668-BE54-9A1E7A4F7556}") = "WebStore.Services", "Services\WebStore.Services\WebStore.Services.csproj", "{8306310E-56FB-4557-8153-236A3A1B6356}"
EndProject
Project("{9A19103F-16F7-4668-BE54-9A1E7A4F7556}") = "WebStore.WebAPI", "Services\WebStore.WebAPI\WebStore.WebAPI.csproj", "{B608C423-3FC9-41AD-B0C2-CAC0B460333F}"
EndProject
Project("{FAE04EC0-301F-11D3-BF4B-00C04F79EFBC}") = "WebStore.WebAPI.Clients", "Services\WebStore.WebAPI.Clients\WebStore.WebAPI.Clients.csproj", "{AC5B1C3C-19BF-4CE0-BAFE-443185BB0145}"
EndProject
Global
	GlobalSection(SolutionConfigurationPlatforms) = preSolution
		Debug|Any CPU = Debug|Any CPU
		Release|Any CPU = Release|Any CPU
	EndGlobalSection
	GlobalSection(ProjectConfigurationPlatforms) = postSolution
		{B67E9C2B-7661-4241-9085-121908B88DEF}.Debug|Any CPU.ActiveCfg = Debug|Any CPU
		{B67E9C2B-7661-4241-9085-121908B88DEF}.Debug|Any CPU.Build.0 = Debug|Any CPU
		{B67E9C2B-7661-4241-9085-121908B88DEF}.Release|Any CPU.ActiveCfg = Release|Any CPU
		{B67E9C2B-7661-4241-9085-121908B88DEF}.Release|Any CPU.Build.0 = Release|Any CPU
		{B07FE1F4-850E-49CC-ABF9-C23DF5353644}.Debug|Any CPU.ActiveCfg = Debug|Any CPU
		{B07FE1F4-850E-49CC-ABF9-C23DF5353644}.Debug|Any CPU.Build.0 = Debug|Any CPU
		{B07FE1F4-850E-49CC-ABF9-C23DF5353644}.Release|Any CPU.ActiveCfg = Release|Any CPU
		{B07FE1F4-850E-49CC-ABF9-C23DF5353644}.Release|Any CPU.Build.0 = Release|Any CPU
		{C0A29340-49E1-46F4-A17F-5A2795A5A059}.Debug|Any CPU.ActiveCfg = Debug|Any CPU
		{C0A29340-49E1-46F4-A17F-5A2795A5A059}.Debug|Any CPU.Build.0 = Debug|Any CPU
		{C0A29340-49E1-46F4-A17F-5A2795A5A059}.Release|Any CPU.ActiveCfg = Release|Any CPU
		{C0A29340-49E1-46F4-A17F-5A2795A5A059}.Release|Any CPU.Build.0 = Release|Any CPU
		{777C4196-891B-4DC1-BD19-477CB577CAD0}.Debug|Any CPU.ActiveCfg = Debug|Any CPU
		{777C4196-891B-4DC1-BD19-477CB577CAD0}.Debug|Any CPU.Build.0 = Debug|Any CPU
		{777C4196-891B-4DC1-BD19-477CB577CAD0}.Release|Any CPU.ActiveCfg = Release|Any CPU
		{777C4196-891B-4DC1-BD19-477CB577CAD0}.Release|Any CPU.Build.0 = Release|Any CPU
		{63ECE0FA-00F3-4AB8-A665-B0F109AD2DFA}.Debug|Any CPU.ActiveCfg = Debug|Any CPU
		{63ECE0FA-00F3-4AB8-A665-B0F109AD2DFA}.Debug|Any CPU.Build.0 = Debug|Any CPU
		{63ECE0FA-00F3-4AB8-A665-B0F109AD2DFA}.Release|Any CPU.ActiveCfg = Release|Any CPU
		{63ECE0FA-00F3-4AB8-A665-B0F109AD2DFA}.Release|Any CPU.Build.0 = Release|Any CPU
		{8306310E-56FB-4557-8153-236A3A1B6356}.Debug|Any CPU.ActiveCfg = Debug|Any CPU
		{8306310E-56FB-4557-8153-236A3A1B6356}.Debug|Any CPU.Build.0 = Debug|Any CPU
		{8306310E-56FB-4557-8153-236A3A1B6356}.Release|Any CPU.ActiveCfg = Release|Any CPU
		{8306310E-56FB-4557-8153-236A3A1B6356}.Release|Any CPU.Build.0 = Release|Any CPU
		{B608C423-3FC9-41AD-B0C2-CAC0B460333F}.Debug|Any CPU.ActiveCfg = Debug|Any CPU
		{B608C423-3FC9-41AD-B0C2-CAC0B460333F}.Debug|Any CPU.Build.0 = Debug|Any CPU
		{B608C423-3FC9-41AD-B0C2-CAC0B460333F}.Release|Any CPU.ActiveCfg = Release|Any CPU
		{B608C423-3FC9-41AD-B0C2-CAC0B460333F}.Release|Any CPU.Build.0 = Release|Any CPU
		{AC5B1C3C-19BF-4CE0-BAFE-443185BB0145}.Debug|Any CPU.ActiveCfg = Debug|Any CPU
		{AC5B1C3C-19BF-4CE0-BAFE-443185BB0145}.Debug|Any CPU.Build.0 = Debug|Any CPU
		{AC5B1C3C-19BF-4CE0-BAFE-443185BB0145}.Release|Any CPU.ActiveCfg = Release|Any CPU
		{AC5B1C3C-19BF-4CE0-BAFE-443185BB0145}.Release|Any CPU.Build.0 = Release|Any CPU
	EndGlobalSection
	GlobalSection(SolutionProperties) = preSolution
		HideSolutionNode = FALSE
	EndGlobalSection
	GlobalSection(NestedProjects) = preSolution
		{B67E9C2B-7661-4241-9085-121908B88DEF} = {9B39331B-5086-46BC-ACCD-E2AE37C98D2C}
		{B07FE1F4-850E-49CC-ABF9-C23DF5353644} = {9F4BF12C-CC3E-41DD-BBCD-2DD8E1D85B67}
		{C0A29340-49E1-46F4-A17F-5A2795A5A059} = {593C8A39-C4F0-4AAF-A22B-515E40FDB516}
		{777C4196-891B-4DC1-BD19-477CB577CAD0} = {593C8A39-C4F0-4AAF-A22B-515E40FDB516}
		{63ECE0FA-00F3-4AB8-A665-B0F109AD2DFA} = {63C47BAA-57D5-4D0A-8F24-7AEFE8EC3573}
		{8306310E-56FB-4557-8153-236A3A1B6356} = {63C47BAA-57D5-4D0A-8F24-7AEFE8EC3573}
		{B608C423-3FC9-41AD-B0C2-CAC0B460333F} = {63C47BAA-57D5-4D0A-8F24-7AEFE8EC3573}
		{AC5B1C3C-19BF-4CE0-BAFE-443185BB0145} = {63C47BAA-57D5-4D0A-8F24-7AEFE8EC3573}
	EndGlobalSection
	GlobalSection(ExtensibilityGlobals) = postSolution
		SolutionGuid = {2CFE565F-4DB6-4656-86D0-89DF4F75EC94}
	EndGlobalSection
EndGlobal
